
Microsoft Visual Studio Solution File, Format Version 12.00
# Visual Studio Version 17
VisualStudioVersion = 17.14.36301.6 d17.14
MinimumVisualStudioVersion = 10.0.40219.1
Project("{FAE04EC0-301F-11D3-BF4B-00C04F79EFBC}") = "MemoryFlow", "MemoryFlow\MemoryFlow.csproj", "{3466BDBC-02C9-4A3C-95C1-EBCA747ED65F}"
EndProject
Global
	GlobalSection(SolutionConfigurationPlatforms) = preSolution
		Debug|Any CPU = Debug|Any CPU
		Release|Any CPU = Release|Any CPU
	EndGlobalSection
	GlobalSection(ProjectConfigurationPlatforms) = postSolution
		{3466BDBC-02C9-4A3C-95C1-EBCA747ED65F}.Debug|Any CPU.ActiveCfg = Debug|Any CPU
		{3466BDBC-02C9-4A3C-95C1-EBCA747ED65F}.Debug|Any CPU.Build.0 = Debug|Any CPU
		{3466BDBC-02C9-4A3C-95C1-EBCA747ED65F}.Release|Any CPU.ActiveCfg = Release|Any CPU
		{3466BDBC-02C9-4A3C-95C1-EBCA747ED65F}.Release|Any CPU.Build.0 = Release|Any CPU
	EndGlobalSection
	GlobalSection(SolutionProperties) = preSolution
		HideSolutionNode = FALSE
	EndGlobalSection
	GlobalSection(ExtensibilityGlobals) = postSolution
		SolutionGuid = {D926231C-EC03-4012-AB29-EDAFC5692BA1}
	EndGlobalSection
EndGlobal
